
Microsoft Visual Studio Solution File, Format Version 12.00
# Visual Studio Version 16
VisualStudioVersion = 16.0.30907.101
MinimumVisualStudioVersion = 10.0.40219.1
Project("{8BC9CEB8-8B4A-11D0-8D11-00A0C91BC942}") = "PDBDumper", "PDBDumper\PDBDumper.vcxproj", "{96B2D5A5-A326-4895-AE4E-45D276AB3CD2}"
EndProject
Project("{8BC9CEB8-8B4A-11D0-8D11-00A0C91BC942}") = "PDBInfo", "PDBInfo\PDBInfo.vcxproj", "{A976550B-6689-44FC-AC38-AA78E09EDCB4}"
EndProject
Project("{8BC9CEB8-8B4A-11D0-8D11-00A0C91BC942}") = "ManagedPDBInfo", "ManagedPDBInfo\ManagedPDBInfo.vcxproj", "{3C76280B-02B2-4CFB-A7DF-462C4BB228F9}"
EndProject
Project("{FAE04EC0-301F-11D3-BF4B-00C04F79EFBC}") = "PDBDumperSharp", "PDBDumperSharp\PDBDumperSharp.csproj", "{4F02E0AD-BE12-46DA-971D-17DB4F819E73}"
EndProject
Global
	GlobalSection(SolutionConfigurationPlatforms) = preSolution
		Debug|Any CPU = Debug|Any CPU
		Debug|Win32 = Debug|Win32
		Debug|x64 = Debug|x64
		Release|Any CPU = Release|Any CPU
		Release|Win32 = Release|Win32
		Release|x64 = Release|x64
	EndGlobalSection
	GlobalSection(ProjectConfigurationPlatforms) = postSolution
		{96B2D5A5-A326-4895-AE4E-45D276AB3CD2}.Debug|Any CPU.ActiveCfg = Debug|Win32
		{96B2D5A5-A326-4895-AE4E-45D276AB3CD2}.Debug|Win32.ActiveCfg = Debug|Win32
		{96B2D5A5-A326-4895-AE4E-45D276AB3CD2}.Debug|Win32.Build.0 = Debug|Win32
		{96B2D5A5-A326-4895-AE4E-45D276AB3CD2}.Debug|x64.ActiveCfg = Debug|x64
		{96B2D5A5-A326-4895-AE4E-45D276AB3CD2}.Debug|x64.Build.0 = Debug|x64
		{96B2D5A5-A326-4895-AE4E-45D276AB3CD2}.Release|Any CPU.ActiveCfg = Release|Win32
		{96B2D5A5-A326-4895-AE4E-45D276AB3CD2}.Release|Win32.ActiveCfg = Release|Win32
		{96B2D5A5-A326-4895-AE4E-45D276AB3CD2}.Release|Win32.Build.0 = Release|Win32
		{96B2D5A5-A326-4895-AE4E-45D276AB3CD2}.Release|x64.ActiveCfg = Release|x64
		{96B2D5A5-A326-4895-AE4E-45D276AB3CD2}.Release|x64.Build.0 = Release|x64
		{A976550B-6689-44FC-AC38-AA78E09EDCB4}.Debug|Any CPU.ActiveCfg = Debug|Win32
		{A976550B-6689-44FC-AC38-AA78E09EDCB4}.Debug|Win32.ActiveCfg = Debug|Win32
		{A976550B-6689-44FC-AC38-AA78E09EDCB4}.Debug|Win32.Build.0 = Debug|Win32
		{A976550B-6689-44FC-AC38-AA78E09EDCB4}.Debug|x64.ActiveCfg = Debug|x64
		{A976550B-6689-44FC-AC38-AA78E09EDCB4}.Debug|x64.Build.0 = Debug|x64
		{A976550B-6689-44FC-AC38-AA78E09EDCB4}.Release|Any CPU.ActiveCfg = Release|Win32
		{A976550B-6689-44FC-AC38-AA78E09EDCB4}.Release|Win32.ActiveCfg = Release|Win32
		{A976550B-6689-44FC-AC38-AA78E09EDCB4}.Release|Win32.Build.0 = Release|Win32
		{A976550B-6689-44FC-AC38-AA78E09EDCB4}.Release|x64.ActiveCfg = Release|x64
		{A976550B-6689-44FC-AC38-AA78E09EDCB4}.Release|x64.Build.0 = Release|x64
		{3C76280B-02B2-4CFB-A7DF-462C4BB228F9}.Debug|Any CPU.ActiveCfg = Debug|Win32
		{3C76280B-02B2-4CFB-A7DF-462C4BB228F9}.Debug|Win32.ActiveCfg = Debug|Win32
		{3C76280B-02B2-4CFB-A7DF-462C4BB228F9}.Debug|Win32.Build.0 = Debug|Win32
		{3C76280B-02B2-4CFB-A7DF-462C4BB228F9}.Debug|x64.ActiveCfg = Debug|x64
		{3C76280B-02B2-4CFB-A7DF-462C4BB228F9}.Debug|x64.Build.0 = Debug|x64
		{3C76280B-02B2-4CFB-A7DF-462C4BB228F9}.Release|Any CPU.ActiveCfg = Release|Win32
		{3C76280B-02B2-4CFB-A7DF-462C4BB228F9}.Release|Win32.ActiveCfg = Release|Win32
		{3C76280B-02B2-4CFB-A7DF-462C4BB228F9}.Release|Win32.Build.0 = Release|Win32
		{3C76280B-02B2-4CFB-A7DF-462C4BB228F9}.Release|x64.ActiveCfg = Release|x64
		{3C76280B-02B2-4CFB-A7DF-462C4BB228F9}.Release|x64.Build.0 = Release|x64
		{4F02E0AD-BE12-46DA-971D-17DB4F819E73}.Debug|Any CPU.ActiveCfg = Debug|Any CPU
		{4F02E0AD-BE12-46DA-971D-17DB4F819E73}.Debug|Any CPU.Build.0 = Debug|Any CPU
		{4F02E0AD-BE12-46DA-971D-17DB4F819E73}.Debug|Win32.ActiveCfg = Debug|x86
		{4F02E0AD-BE12-46DA-971D-17DB4F819E73}.Debug|Win32.Build.0 = Debug|x86
		{4F02E0AD-BE12-46DA-971D-17DB4F819E73}.Debug|x64.ActiveCfg = Debug|x64
		{4F02E0AD-BE12-46DA-971D-17DB4F819E73}.Debug|x64.Build.0 = Debug|x64
		{4F02E0AD-BE12-46DA-971D-17DB4F819E73}.Release|Any CPU.ActiveCfg = Release|Any CPU
		{4F02E0AD-BE12-46DA-971D-17DB4F819E73}.Release|Any CPU.Build.0 = Release|Any CPU
		{4F02E0AD-BE12-46DA-971D-17DB4F819E73}.Release|Win32.ActiveCfg = Release|x86
		{4F02E0AD-BE12-46DA-971D-17DB4F819E73}.Release|Win32.Build.0 = Release|x86
		{4F02E0AD-BE12-46DA-971D-17DB4F819E73}.Release|x64.ActiveCfg = Release|x64
		{4F02E0AD-BE12-46DA-971D-17DB4F819E73}.Release|x64.Build.0 = Release|x64
	EndGlobalSection
	GlobalSection(SolutionProperties) = preSolution
		HideSolutionNode = FALSE
	EndGlobalSection
	GlobalSection(ExtensibilityGlobals) = postSolution
		SolutionGuid = {EA5DBFD1-C75A-4C54-99D6-A3E6053E6807}
	EndGlobalSection
EndGlobal
